// !$*UTF8*$!
{
	archiveVersion = 1;
	classes = {
	};
	objectVersion = 77;
	objects = {

/* Begin PBXBuildFile section */
		EC0970112DCBA726008281C0 /* CVStore in Frameworks */ = {isa = PBXBuildFile; productRef = EC0970102DCBA726008281C0 /* CVStore */; };
		EC0970132DCBA72F008281C0 /* UserStore in Frameworks */ = {isa = PBXBuildFile; productRef = EC0970122DCBA72F008281C0 /* UserStore */; };
		EC88947C2DCBA6F200478A60 /* Models in Frameworks */ = {isa = PBXBuildFile; productRef = EC88947B2DCBA6F200478A60 /* Models */; };
		EC9FD3212DC8A0A500296F6C /* CandidatesFeature in Frameworks */ = {isa = PBXBuildFile; productRef = EC9FD3202DC8A0A500296F6C /* CandidatesFeature */; };
		ECA5E3AF2DCA5011004EB625 /* Presentation in Frameworks */ = {isa = PBXBuildFile; productRef = ECA5E3AE2DCA5011004EB625 /* Presentation */; };
		ECA69E8A2DCDEB1500681C36 /* Networking in Frameworks */ = {isa = PBXBuildFile; productRef = ECA69E892DCDEB1500681C36 /* Networking */; };
		ECA827362DD340F40074E2DA /* ProfileFeature in Frameworks */ = {isa = PBXBuildFile; productRef = ECA8272D2DD340F40074E2DA /* ProfileFeature */; };
		ECA827372DD340F40074E2DA /* LoginFeature in Frameworks */ = {isa = PBXBuildFile; productRef = ECA8272C2DD340F40074E2DA /* LoginFeature */; };
		ECA827382DD340F40074E2DA /* CVStore in Frameworks */ = {isa = PBXBuildFile; productRef = ECA827312DD340F40074E2DA /* CVStore */; };
		ECA827392DD340F40074E2DA /* CandidatesFeature in Frameworks */ = {isa = PBXBuildFile; productRef = ECA8272E2DD340F40074E2DA /* CandidatesFeature */; };
		ECA8273A2DD340F40074E2DA /* UserStore in Frameworks */ = {isa = PBXBuildFile; productRef = ECA827322DD340F40074E2DA /* UserStore */; };
		ECA8273B2DD340F40074E2DA /* Core in Frameworks */ = {isa = PBXBuildFile; productRef = ECA8272A2DD340F40074E2DA /* Core */; };
		ECA8273C2DD340F40074E2DA /* CVFeature in Frameworks */ = {isa = PBXBuildFile; productRef = ECA8272B2DD340F40074E2DA /* CVFeature */; };
		ECA8273D2DD340F40074E2DA /* Models in Frameworks */ = {isa = PBXBuildFile; productRef = ECA827302DD340F40074E2DA /* Models */; };
		ECA8273E2DD340F40074E2DA /* Networking in Frameworks */ = {isa = PBXBuildFile; productRef = ECA827332DD340F40074E2DA /* Networking */; };
		ECA8273F2DD340F40074E2DA /* Presentation in Frameworks */ = {isa = PBXBuildFile; productRef = ECA8272F2DD340F40074E2DA /* Presentation */; };
		ECC62FEE2DC4E7B5002B49C9 /* Core in Frameworks */ = {isa = PBXBuildFile; productRef = ECC62FED2DC4E7B5002B49C9 /* Core */; };
		ECC62FF02DC4E7BD002B49C9 /* CVFeature in Frameworks */ = {isa = PBXBuildFile; productRef = ECC62FEF2DC4E7BD002B49C9 /* CVFeature */; };
		ECC62FF22DC4E7C1002B49C9 /* LoginFeature in Frameworks */ = {isa = PBXBuildFile; productRef = ECC62FF12DC4E7C1002B49C9 /* LoginFeature */; };
		ECC62FF62DC4E812002B49C9 /* ProfileFeature in Frameworks */ = {isa = PBXBuildFile; productRef = ECC62FF52DC4E812002B49C9 /* ProfileFeature */; };
/* End PBXBuildFile section */

/* Begin PBXContainerItemProxy section */
		ECAE960E2DC4C28300C44575 /* PBXContainerItemProxy */ = {
			isa = PBXContainerItemProxy;
			containerPortal = ECAE95F52DC4C28200C44575 /* Project object */;
			proxyType = 1;
			remoteGlobalIDString = ECAE95FC2DC4C28200C44575;
			remoteInfo = Teamplan;
		};
/* End PBXContainerItemProxy section */

/* Begin PBXFileReference section */
		EC18AF012DCE155E00B50832 /* CandidatesFeature */ = {isa = PBXFileReference; lastKnownFileType = wrapper; name = CandidatesFeature; path = ../MyPackages/CandidatesFeature; sourceTree = SOURCE_ROOT; };
		EC18AF022DCE155E00B50832 /* Core */ = {isa = PBXFileReference; lastKnownFileType = wrapper; name = Core; path = ../MyPackages/Core; sourceTree = SOURCE_ROOT; };
		EC18AF032DCE155E00B50832 /* CVFeature */ = {isa = PBXFileReference; lastKnownFileType = wrapper; name = CVFeature; path = ../MyPackages/CVFeature; sourceTree = SOURCE_ROOT; };
		EC18AF042DCE155E00B50832 /* LoginFeature */ = {isa = PBXFileReference; lastKnownFileType = wrapper; name = LoginFeature; path = ../MyPackages/LoginFeature; sourceTree = SOURCE_ROOT; };
		EC18AF052DCE155E00B50832 /* Models */ = {isa = PBXFileReference; lastKnownFileType = wrapper; name = Models; path = ../MyPackages/Models; sourceTree = SOURCE_ROOT; };
		EC18AF062DCE155E00B50832 /* Networking */ = {isa = PBXFileReference; lastKnownFileType = wrapper; name = Networking; path = ../MyPackages/Networking; sourceTree = SOURCE_ROOT; };
		EC18AF072DCE155E00B50832 /* Presentation */ = {isa = PBXFileReference; lastKnownFileType = wrapper; name = Presentation; path = ../MyPackages/Presentation; sourceTree = SOURCE_ROOT; };
		EC18AF082DCE155E00B50832 /* ProfileFeature */ = {isa = PBXFileReference; lastKnownFileType = wrapper; name = ProfileFeature; path = ../MyPackages/ProfileFeature; sourceTree = SOURCE_ROOT; };
		EC18AF092DCE155E00B50832 /* Stores */ = {isa = PBXFileReference; lastKnownFileType = wrapper; name = Stores; path = ../MyPackages/Stores; sourceTree = SOURCE_ROOT; };
		ECA827442DD340F40074E2DA /* WhiteLabelExample.app */ = {isa = PBXFileReference; explicitFileType = wrapper.application; includeInIndex = 0; path = WhiteLabelExample.app; sourceTree = BUILT_PRODUCTS_DIR; };
		ECAE95FD2DC4C28200C44575 /* Teamplan.app */ = {isa = PBXFileReference; explicitFileType = wrapper.application; includeInIndex = 0; path = Teamplan.app; sourceTree = BUILT_PRODUCTS_DIR; };
		ECAE960D2DC4C28300C44575 /* TeamplanTests.xctest */ = {isa = PBXFileReference; explicitFileType = wrapper.cfbundle; includeInIndex = 0; path = TeamplanTests.xctest; sourceTree = BUILT_PRODUCTS_DIR; };
/* End PBXFileReference section */

/* Begin PBXFileSystemSynchronizedBuildFileExceptionSet section */
		EC275C0C2DCCEC1F0019F143 /* Exceptions for "Teamplan" folder in "Teamplan" target */ = {
			isa = PBXFileSystemSynchronizedBuildFileExceptionSet;
			membershipExceptions = (
				Info.plist,
			);
			target = ECAE95FC2DC4C28200C44575 /* Teamplan */;
		};
		ECA827602DD356B20074E2DA /* Exceptions for "WhitelabelExample" folder in "WhiteLabelExample" target */ = {
			isa = PBXFileSystemSynchronizedBuildFileExceptionSet;
			membershipExceptions = (
				Info.plist,
				"Preview Content/Preview Assets.xcassets",
			);
			target = ECA827292DD340F40074E2DA /* WhiteLabelExample */;
		};
		ECCC9E032DE9EE0A009F8142 /* Exceptions for "TeamplanTests" folder in "TeamplanTests" target */ = {
			isa = PBXFileSystemSynchronizedBuildFileExceptionSet;
			platformFiltersByRelativePath = {
				TeamplanTests.swift = (ios, );
			};
			target = ECAE960C2DC4C28300C44575 /* TeamplanTests */;
		};
/* End PBXFileSystemSynchronizedBuildFileExceptionSet section */

/* Begin PBXFileSystemSynchronizedRootGroup section */
		ECA827552DD356B20074E2DA /* WhitelabelExample */ = {
			isa = PBXFileSystemSynchronizedRootGroup;
			exceptions = (
				ECA827602DD356B20074E2DA /* Exceptions for "WhitelabelExample" folder in "WhiteLabelExample" target */,
			);
			path = WhitelabelExample;
			sourceTree = "<group>";
		};
		ECAE95FF2DC4C28200C44575 /* Teamplan */ = {
			isa = PBXFileSystemSynchronizedRootGroup;
			exceptions = (
				EC275C0C2DCCEC1F0019F143 /* Exceptions for "Teamplan" folder in "Teamplan" target */,
			);
			path = Teamplan;
			sourceTree = "<group>";
		};
		ECAE96102DC4C28300C44575 /* TeamplanTests */ = {
			isa = PBXFileSystemSynchronizedRootGroup;
			exceptions = (
				ECCC9E032DE9EE0A009F8142 /* Exceptions for "TeamplanTests" folder in "TeamplanTests" target */,
			);
			path = TeamplanTests;
			sourceTree = "<group>";
		};
/* End PBXFileSystemSynchronizedRootGroup section */

/* Begin PBXFrameworksBuildPhase section */
		ECA827352DD340F40074E2DA /* Frameworks */ = {
			isa = PBXFrameworksBuildPhase;
			buildActionMask = 2147483647;
			files = (
				ECA827362DD340F40074E2DA /* ProfileFeature in Frameworks */,
				ECA827372DD340F40074E2DA /* LoginFeature in Frameworks */,
				ECA827382DD340F40074E2DA /* CVStore in Frameworks */,
				ECA827392DD340F40074E2DA /* CandidatesFeature in Frameworks */,
				ECA8273A2DD340F40074E2DA /* UserStore in Frameworks */,
				ECA8273B2DD340F40074E2DA /* Core in Frameworks */,
				ECA8273C2DD340F40074E2DA /* CVFeature in Frameworks */,
				ECA8273D2DD340F40074E2DA /* Models in Frameworks */,
				ECA8273E2DD340F40074E2DA /* Networking in Frameworks */,
				ECA8273F2DD340F40074E2DA /* Presentation in Frameworks */,
			);
			runOnlyForDeploymentPostprocessing = 0;
		};
		ECAE95FA2DC4C28200C44575 /* Frameworks */ = {
			isa = PBXFrameworksBuildPhase;
			buildActionMask = 2147483647;
			files = (
				ECC62FF62DC4E812002B49C9 /* ProfileFeature in Frameworks */,
				ECC62FF22DC4E7C1002B49C9 /* LoginFeature in Frameworks */,
				EC0970112DCBA726008281C0 /* CVStore in Frameworks */,
				EC9FD3212DC8A0A500296F6C /* CandidatesFeature in Frameworks */,
				EC0970132DCBA72F008281C0 /* UserStore in Frameworks */,
				ECC62FEE2DC4E7B5002B49C9 /* Core in Frameworks */,
				ECC62FF02DC4E7BD002B49C9 /* CVFeature in Frameworks */,
				EC88947C2DCBA6F200478A60 /* Models in Frameworks */,
				ECA69E8A2DCDEB1500681C36 /* Networking in Frameworks */,
				ECA5E3AF2DCA5011004EB625 /* Presentation in Frameworks */,
			);
			runOnlyForDeploymentPostprocessing = 0;
		};
		ECAE960A2DC4C28300C44575 /* Frameworks */ = {
			isa = PBXFrameworksBuildPhase;
			buildActionMask = 2147483647;
			files = (
			);
			runOnlyForDeploymentPostprocessing = 0;
		};
/* End PBXFrameworksBuildPhase section */

/* Begin PBXGroup section */
		ECAE95F42DC4C28200C44575 = {
			isa = PBXGroup;
			children = (
				EC18AF012DCE155E00B50832 /* CandidatesFeature */,
				EC18AF032DCE155E00B50832 /* CVFeature */,
				EC18AF082DCE155E00B50832 /* ProfileFeature */,
				EC18AF042DCE155E00B50832 /* LoginFeature */,
				EC18AF072DCE155E00B50832 /* Presentation */,
				EC18AF092DCE155E00B50832 /* Stores */,
				EC18AF062DCE155E00B50832 /* Networking */,
				EC18AF022DCE155E00B50832 /* Core */,
				EC18AF052DCE155E00B50832 /* Models */,
				ECAE95FF2DC4C28200C44575 /* Teamplan */,
				ECAE96102DC4C28300C44575 /* TeamplanTests */,
				ECA827552DD356B20074E2DA /* WhitelabelExample */,
				ECC62FEA2DC4E7A6002B49C9 /* Frameworks */,
				ECAE95FE2DC4C28200C44575 /* Products */,
			);
			sourceTree = "<group>";
		};
		ECAE95FE2DC4C28200C44575 /* Products */ = {
			isa = PBXGroup;
			children = (
				ECAE95FD2DC4C28200C44575 /* Teamplan.app */,
				ECAE960D2DC4C28300C44575 /* TeamplanTests.xctest */,
				ECA827442DD340F40074E2DA /* WhiteLabelExample.app */,
			);
			name = Products;
			sourceTree = "<group>";
		};
		ECC62FEA2DC4E7A6002B49C9 /* Frameworks */ = {
			isa = PBXGroup;
			children = (
			);
			name = Frameworks;
			sourceTree = "<group>";
		};
/* End PBXGroup section */

/* Begin PBXNativeTarget section */
		ECA827292DD340F40074E2DA /* WhiteLabelExample */ = {
			isa = PBXNativeTarget;
			buildConfigurationList = ECA827412DD340F40074E2DA /* Build configuration list for PBXNativeTarget "WhiteLabelExample" */;
			buildPhases = (
				ECA827342DD340F40074E2DA /* Sources */,
				ECA827352DD340F40074E2DA /* Frameworks */,
				ECA827402DD340F40074E2DA /* Resources */,
			);
			buildRules = (
			);
			dependencies = (
			);
			fileSystemSynchronizedGroups = (
				ECA827552DD356B20074E2DA /* WhitelabelExample */,
			);
			name = WhiteLabelExample;
			packageProductDependencies = (
				ECA8272A2DD340F40074E2DA /* Core */,
				ECA8272B2DD340F40074E2DA /* CVFeature */,
				ECA8272C2DD340F40074E2DA /* LoginFeature */,
				ECA8272D2DD340F40074E2DA /* ProfileFeature */,
				ECA8272E2DD340F40074E2DA /* CandidatesFeature */,
				ECA8272F2DD340F40074E2DA /* Presentation */,
				ECA827302DD340F40074E2DA /* Models */,
				ECA827312DD340F40074E2DA /* CVStore */,
				ECA827322DD340F40074E2DA /* UserStore */,
				ECA827332DD340F40074E2DA /* Networking */,
			);
			productName = Teamplan;
			productReference = ECA827442DD340F40074E2DA /* WhiteLabelExample.app */;
			productType = "com.apple.product-type.application";
		};
		ECAE95FC2DC4C28200C44575 /* Teamplan */ = {
			isa = PBXNativeTarget;
			buildConfigurationList = ECAE96212DC4C28300C44575 /* Build configuration list for PBXNativeTarget "Teamplan" */;
			buildPhases = (
				ECAE95F92DC4C28200C44575 /* Sources */,
				ECAE95FA2DC4C28200C44575 /* Frameworks */,
				ECAE95FB2DC4C28200C44575 /* Resources */,
			);
			buildRules = (
			);
			dependencies = (
			);
			fileSystemSynchronizedGroups = (
				ECAE95FF2DC4C28200C44575 /* Teamplan */,
			);
			name = Teamplan;
			packageProductDependencies = (
				ECC62FED2DC4E7B5002B49C9 /* Core */,
				ECC62FEF2DC4E7BD002B49C9 /* CVFeature */,
				ECC62FF12DC4E7C1002B49C9 /* LoginFeature */,
				ECC62FF52DC4E812002B49C9 /* ProfileFeature */,
				EC9FD3202DC8A0A500296F6C /* CandidatesFeature */,
				ECA5E3AE2DCA5011004EB625 /* Presentation */,
				EC88947B2DCBA6F200478A60 /* Models */,
				EC0970102DCBA726008281C0 /* CVStore */,
				EC0970122DCBA72F008281C0 /* UserStore */,
				ECA69E892DCDEB1500681C36 /* Networking */,
			);
			productName = Teamplan;
			productReference = ECAE95FD2DC4C28200C44575 /* Teamplan.app */;
			productType = "com.apple.product-type.application";
		};
		ECAE960C2DC4C28300C44575 /* TeamplanTests */ = {
			isa = PBXNativeTarget;
			buildConfigurationList = ECAE96242DC4C28300C44575 /* Build configuration list for PBXNativeTarget "TeamplanTests" */;
			buildPhases = (
				ECAE96092DC4C28300C44575 /* Sources */,
				ECAE960A2DC4C28300C44575 /* Frameworks */,
				ECAE960B2DC4C28300C44575 /* Resources */,
			);
			buildRules = (
			);
			dependencies = (
				ECAE960F2DC4C28300C44575 /* PBXTargetDependency */,
			);
			fileSystemSynchronizedGroups = (
				ECAE96102DC4C28300C44575 /* TeamplanTests */,
			);
			name = TeamplanTests;
			packageProductDependencies = (
			);
			productName = TeamplanTests;
			productReference = ECAE960D2DC4C28300C44575 /* TeamplanTests.xctest */;
			productType = "com.apple.product-type.bundle.unit-test";
		};
/* End PBXNativeTarget section */

/* Begin PBXProject section */
		ECAE95F52DC4C28200C44575 /* Project object */ = {
			isa = PBXProject;
			attributes = {
				BuildIndependentTargetsInParallel = 1;
				LastSwiftUpdateCheck = 1620;
				LastUpgradeCheck = 1620;
				TargetAttributes = {
					ECAE95FC2DC4C28200C44575 = {
						CreatedOnToolsVersion = 16.2;
					};
					ECAE960C2DC4C28300C44575 = {
						CreatedOnToolsVersion = 16.2;
						TestTargetID = ECAE95FC2DC4C28200C44575;
					};
				};
			};
			buildConfigurationList = ECAE95F82DC4C28200C44575 /* Build configuration list for PBXProject "Teamplan" */;
			developmentRegion = en;
			hasScannedForEncodings = 0;
			knownRegions = (
				en,
				Base,
			);
			mainGroup = ECAE95F42DC4C28200C44575;
			minimizedProjectReferenceProxies = 1;
			preferredProjectObjectVersion = 77;
			productRefGroup = ECAE95FE2DC4C28200C44575 /* Products */;
			projectDirPath = "";
			projectRoot = "";
			targets = (
				ECAE95FC2DC4C28200C44575 /* Teamplan */,
				ECAE960C2DC4C28300C44575 /* TeamplanTests */,
				ECA827292DD340F40074E2DA /* WhiteLabelExample */,
			);
		};
/* End PBXProject section */

/* Begin PBXResourcesBuildPhase section */
		ECA827402DD340F40074E2DA /* Resources */ = {
			isa = PBXResourcesBuildPhase;
			buildActionMask = 2147483647;
			files = (
			);
			runOnlyForDeploymentPostprocessing = 0;
		};
		ECAE95FB2DC4C28200C44575 /* Resources */ = {
			isa = PBXResourcesBuildPhase;
			buildActionMask = 2147483647;
			files = (
			);
			runOnlyForDeploymentPostprocessing = 0;
		};
		ECAE960B2DC4C28300C44575 /* Resources */ = {
			isa = PBXResourcesBuildPhase;
			buildActionMask = 2147483647;
			files = (
			);
			runOnlyForDeploymentPostprocessing = 0;
		};
/* End PBXResourcesBuildPhase section */

/* Begin PBXSourcesBuildPhase section */
		ECA827342DD340F40074E2DA /* Sources */ = {
			isa = PBXSourcesBuildPhase;
			buildActionMask = 2147483647;
			files = (
			);
			runOnlyForDeploymentPostprocessing = 0;
		};
		ECAE95F92DC4C28200C44575 /* Sources */ = {
			isa = PBXSourcesBuildPhase;
			buildActionMask = 2147483647;
			files = (
			);
			runOnlyForDeploymentPostprocessing = 0;
		};
		ECAE96092DC4C28300C44575 /* Sources */ = {
			isa = PBXSourcesBuildPhase;
			buildActionMask = 2147483647;
			files = (
			);
			runOnlyForDeploymentPostprocessing = 0;
		};
/* End PBXSourcesBuildPhase section */

/* Begin PBXTargetDependency section */
		ECAE960F2DC4C28300C44575 /* PBXTargetDependency */ = {
			isa = PBXTargetDependency;
			target = ECAE95FC2DC4C28200C44575 /* Teamplan */;
			targetProxy = ECAE960E2DC4C28300C44575 /* PBXContainerItemProxy */;
		};
/* End PBXTargetDependency section */

/* Begin XCBuildConfiguration section */
		ECA827422DD340F40074E2DA /* Debug */ = {
			isa = XCBuildConfiguration;
			baseConfigurationReferenceAnchor = ECAE95FF2DC4C28200C44575 /* Teamplan */;
			baseConfigurationReferenceRelativePath = Configuration/Debug.xcconfig;
			buildSettings = {
				ASSETCATALOG_COMPILER_APPICON_NAME = AppIcon;
				ASSETCATALOG_COMPILER_GLOBAL_ACCENT_COLOR_NAME = AccentColor;
				CODE_SIGN_STYLE = Automatic;
				CURRENT_PROJECT_VERSION = 1;
				DEVELOPMENT_ASSET_PATHS = "\"Teamplan/Preview Content\"";
				DEVELOPMENT_TEAM = W3CJ6X343D;
				ENABLE_PREVIEWS = YES;
				GENERATE_INFOPLIST_FILE = YES;
				INFOPLIST_FILE = WhiteLabelExample/Info.plist;
				INFOPLIST_KEY_LSApplicationCategoryType = "public.app-category.business";
				INFOPLIST_KEY_UIApplicationSceneManifest_Generation = YES;
				INFOPLIST_KEY_UIApplicationSupportsIndirectInputEvents = YES;
				INFOPLIST_KEY_UILaunchScreen_Generation = YES;
				INFOPLIST_KEY_UISupportedInterfaceOrientations_iPad = "UIInterfaceOrientationPortrait UIInterfaceOrientationPortraitUpsideDown UIInterfaceOrientationLandscapeLeft UIInterfaceOrientationLandscapeRight";
				INFOPLIST_KEY_UISupportedInterfaceOrientations_iPhone = "UIInterfaceOrientationPortrait UIInterfaceOrientationLandscapeLeft UIInterfaceOrientationLandscapeRight";
				IPHONEOS_DEPLOYMENT_TARGET = 18.0;
				LD_RUNPATH_SEARCH_PATHS = (
					"$(inherited)",
					"@executable_path/Frameworks",
				);
				MARKETING_VERSION = 1.0;
				PRODUCT_BUNDLE_IDENTIFIER = com.mooncascade.whiteLabelTeamPlan;
				PRODUCT_NAME = "$(TARGET_NAME)";
				SUPPORTED_PLATFORMS = "iphoneos iphonesimulator";
				SUPPORTS_MACCATALYST = NO;
				SUPPORTS_XR_DESIGNED_FOR_IPHONE_IPAD = NO;
				SWIFT_EMIT_LOC_STRINGS = YES;
				SWIFT_VERSION = 5.0;
				TARGETED_DEVICE_FAMILY = "1,2";
			};
			name = Debug;
		};
		ECA827432DD340F40074E2DA /* Release */ = {
			isa = XCBuildConfiguration;
			baseConfigurationReferenceAnchor = ECAE95FF2DC4C28200C44575 /* Teamplan */;
			baseConfigurationReferenceRelativePath = Configuration/Release.xcconfig;
			buildSettings = {
				ASSETCATALOG_COMPILER_APPICON_NAME = AppIcon;
				ASSETCATALOG_COMPILER_GLOBAL_ACCENT_COLOR_NAME = AccentColor;
				CODE_SIGN_STYLE = Automatic;
				CURRENT_PROJECT_VERSION = 1;
				DEVELOPMENT_ASSET_PATHS = "\"Teamplan/Preview Content\"";
				DEVELOPMENT_TEAM = W3CJ6X343D;
				ENABLE_PREVIEWS = YES;
				GENERATE_INFOPLIST_FILE = YES;
				INFOPLIST_FILE = WhiteLabelExample/Info.plist;
				INFOPLIST_KEY_LSApplicationCategoryType = "public.app-category.business";
				INFOPLIST_KEY_UIApplicationSceneManifest_Generation = YES;
				INFOPLIST_KEY_UIApplicationSupportsIndirectInputEvents = YES;
				INFOPLIST_KEY_UILaunchScreen_Generation = YES;
				INFOPLIST_KEY_UISupportedInterfaceOrientations_iPad = "UIInterfaceOrientationPortrait UIInterfaceOrientationPortraitUpsideDown UIInterfaceOrientationLandscapeLeft UIInterfaceOrientationLandscapeRight";
				INFOPLIST_KEY_UISupportedInterfaceOrientations_iPhone = "UIInterfaceOrientationPortrait UIInterfaceOrientationLandscapeLeft UIInterfaceOrientationLandscapeRight";
				IPHONEOS_DEPLOYMENT_TARGET = 18.0;
				LD_RUNPATH_SEARCH_PATHS = (
					"$(inherited)",
					"@executable_path/Frameworks",
				);
				MARKETING_VERSION = 1.0;
				PRODUCT_BUNDLE_IDENTIFIER = com.mooncascade.whiteLabelTeamPlan;
				PRODUCT_NAME = "$(TARGET_NAME)";
				SUPPORTED_PLATFORMS = "iphoneos iphonesimulator";
				SUPPORTS_MACCATALYST = NO;
				SUPPORTS_XR_DESIGNED_FOR_IPHONE_IPAD = NO;
				SWIFT_EMIT_LOC_STRINGS = YES;
				SWIFT_VERSION = 5.0;
				TARGETED_DEVICE_FAMILY = "1,2";
			};
			name = Release;
		};
		ECAE961F2DC4C28300C44575 /* Debug */ = {
			isa = XCBuildConfiguration;
			baseConfigurationReferenceAnchor = ECAE95FF2DC4C28200C44575 /* Teamplan */;
			baseConfigurationReferenceRelativePath = Configuration/Debug.xcconfig;
			buildSettings = {
				ALWAYS_SEARCH_USER_PATHS = NO;
				ASSETCATALOG_COMPILER_GENERATE_SWIFT_ASSET_SYMBOL_EXTENSIONS = YES;
				CLANG_ANALYZER_NONNULL = YES;
				CLANG_ANALYZER_NUMBER_OBJECT_CONVERSION = YES_AGGRESSIVE;
				CLANG_CXX_LANGUAGE_STANDARD = "gnu++20";
				CLANG_ENABLE_MODULES = YES;
				CLANG_ENABLE_OBJC_ARC = YES;
				CLANG_ENABLE_OBJC_WEAK = YES;
				CLANG_WARN_BLOCK_CAPTURE_AUTORELEASING = YES;
				CLANG_WARN_BOOL_CONVERSION = YES;
				CLANG_WARN_COMMA = YES;
				CLANG_WARN_CONSTANT_CONVERSION = YES;
				CLANG_WARN_DEPRECATED_OBJC_IMPLEMENTATIONS = YES;
				CLANG_WARN_DIRECT_OBJC_ISA_USAGE = YES_ERROR;
				CLANG_WARN_DOCUMENTATION_COMMENTS = YES;
				CLANG_WARN_EMPTY_BODY = YES;
				CLANG_WARN_ENUM_CONVERSION = YES;
				CLANG_WARN_INFINITE_RECURSION = YES;
				CLANG_WARN_INT_CONVERSION = YES;
				CLANG_WARN_NON_LITERAL_NULL_CONVERSION = YES;
				CLANG_WARN_OBJC_IMPLICIT_RETAIN_SELF = YES;
				CLANG_WARN_OBJC_LITERAL_CONVERSION = YES;
				CLANG_WARN_OBJC_ROOT_CLASS = YES_ERROR;
				CLANG_WARN_QUOTED_INCLUDE_IN_FRAMEWORK_HEADER = YES;
				CLANG_WARN_RANGE_LOOP_ANALYSIS = YES;
				CLANG_WARN_STRICT_PROTOTYPES = YES;
				CLANG_WARN_SUSPICIOUS_MOVE = YES;
				CLANG_WARN_UNGUARDED_AVAILABILITY = YES_AGGRESSIVE;
				CLANG_WARN_UNREACHABLE_CODE = YES;
				CLANG_WARN__DUPLICATE_METHOD_MATCH = YES;
				COPY_PHASE_STRIP = NO;
				DEBUG_INFORMATION_FORMAT = dwarf;
				ENABLE_STRICT_OBJC_MSGSEND = YES;
				ENABLE_TESTABILITY = YES;
				ENABLE_USER_SCRIPT_SANDBOXING = YES;
				GCC_C_LANGUAGE_STANDARD = gnu17;
				GCC_DYNAMIC_NO_PIC = NO;
				GCC_NO_COMMON_BLOCKS = YES;
				GCC_OPTIMIZATION_LEVEL = 0;
				GCC_PREPROCESSOR_DEFINITIONS = (
					"DEBUG=1",
					"$(inherited)",
				);
				GCC_WARN_64_TO_32_BIT_CONVERSION = YES;
				GCC_WARN_ABOUT_RETURN_TYPE = YES_ERROR;
				GCC_WARN_UNDECLARED_SELECTOR = YES;
				GCC_WARN_UNINITIALIZED_AUTOS = YES_AGGRESSIVE;
				GCC_WARN_UNUSED_FUNCTION = YES;
				GCC_WARN_UNUSED_VARIABLE = YES;
				IPHONEOS_DEPLOYMENT_TARGET = 18.2;
				LOCALIZATION_PREFERS_STRING_CATALOGS = YES;
				MTL_ENABLE_DEBUG_INFO = INCLUDE_SOURCE;
				MTL_FAST_MATH = YES;
				ONLY_ACTIVE_ARCH = YES;
				SDKROOT = iphoneos;
				SWIFT_ACTIVE_COMPILATION_CONDITIONS = "DEBUG $(inherited)";
				SWIFT_EMIT_LOC_STRINGS = YES;
				SWIFT_OPTIMIZATION_LEVEL = "-Onone";
				VERSIONING_SYSTEM = "apple-generic";
			};
			name = Debug;
		};
		ECAE96202DC4C28300C44575 /* Release */ = {
			isa = XCBuildConfiguration;
			baseConfigurationReferenceAnchor = ECAE95FF2DC4C28200C44575 /* Teamplan */;
			baseConfigurationReferenceRelativePath = Configuration/Release.xcconfig;
			buildSettings = {
				ALWAYS_SEARCH_USER_PATHS = NO;
				ASSETCATALOG_COMPILER_GENERATE_SWIFT_ASSET_SYMBOL_EXTENSIONS = YES;
				CLANG_ANALYZER_NONNULL = YES;
				CLANG_ANALYZER_NUMBER_OBJECT_CONVERSION = YES_AGGRESSIVE;
				CLANG_CXX_LANGUAGE_STANDARD = "gnu++20";
				CLANG_ENABLE_MODULES = YES;
				CLANG_ENABLE_OBJC_ARC = YES;
				CLANG_ENABLE_OBJC_WEAK = YES;
				CLANG_WARN_BLOCK_CAPTURE_AUTORELEASING = YES;
				CLANG_WARN_BOOL_CONVERSION = YES;
				CLANG_WARN_COMMA = YES;
				CLANG_WARN_CONSTANT_CONVERSION = YES;
				CLANG_WARN_DEPRECATED_OBJC_IMPLEMENTATIONS = YES;
				CLANG_WARN_DIRECT_OBJC_ISA_USAGE = YES_ERROR;
				CLANG_WARN_DOCUMENTATION_COMMENTS = YES;
				CLANG_WARN_EMPTY_BODY = YES;
				CLANG_WARN_ENUM_CONVERSION = YES;
				CLANG_WARN_INFINITE_RECURSION = YES;
				CLANG_WARN_INT_CONVERSION = YES;
				CLANG_WARN_NON_LITERAL_NULL_CONVERSION = YES;
				CLANG_WARN_OBJC_IMPLICIT_RETAIN_SELF = YES;
				CLANG_WARN_OBJC_LITERAL_CONVERSION = YES;
				CLANG_WARN_OBJC_ROOT_CLASS = YES_ERROR;
				CLANG_WARN_QUOTED_INCLUDE_IN_FRAMEWORK_HEADER = YES;
				CLANG_WARN_RANGE_LOOP_ANALYSIS = YES;
				CLANG_WARN_STRICT_PROTOTYPES = YES;
				CLANG_WARN_SUSPICIOUS_MOVE = YES;
				CLANG_WARN_UNGUARDED_AVAILABILITY = YES_AGGRESSIVE;
				CLANG_WARN_UNREACHABLE_CODE = YES;
				CLANG_WARN__DUPLICATE_METHOD_MATCH = YES;
				COPY_PHASE_STRIP = NO;
				DEBUG_INFORMATION_FORMAT = "dwarf-with-dsym";
				ENABLE_NS_ASSERTIONS = NO;
				ENABLE_STRICT_OBJC_MSGSEND = YES;
				ENABLE_USER_SCRIPT_SANDBOXING = YES;
				GCC_C_LANGUAGE_STANDARD = gnu17;
				GCC_NO_COMMON_BLOCKS = YES;
				GCC_WARN_64_TO_32_BIT_CONVERSION = YES;
				GCC_WARN_ABOUT_RETURN_TYPE = YES_ERROR;
				GCC_WARN_UNDECLARED_SELECTOR = YES;
				GCC_WARN_UNINITIALIZED_AUTOS = YES_AGGRESSIVE;
				GCC_WARN_UNUSED_FUNCTION = YES;
				GCC_WARN_UNUSED_VARIABLE = YES;
				IPHONEOS_DEPLOYMENT_TARGET = 18.2;
				LOCALIZATION_PREFERS_STRING_CATALOGS = YES;
				MTL_ENABLE_DEBUG_INFO = NO;
				MTL_FAST_MATH = YES;
				SDKROOT = iphoneos;
				SWIFT_COMPILATION_MODE = wholemodule;
				SWIFT_EMIT_LOC_STRINGS = YES;
				VALIDATE_PRODUCT = YES;
				VERSIONING_SYSTEM = "apple-generic";
			};
			name = Release;
		};
		ECAE96222DC4C28300C44575 /* Debug */ = {
			isa = XCBuildConfiguration;
			baseConfigurationReferenceAnchor = ECAE95FF2DC4C28200C44575 /* Teamplan */;
			baseConfigurationReferenceRelativePath = Configuration/Debug.xcconfig;
			buildSettings = {
				ASSETCATALOG_COMPILER_APPICON_NAME = AppIcon;
				ASSETCATALOG_COMPILER_GLOBAL_ACCENT_COLOR_NAME = AccentColor;
				CODE_SIGN_IDENTITY = "Apple Development";
				CODE_SIGN_STYLE = Automatic;
				CURRENT_PROJECT_VERSION = 1;
				DEVELOPMENT_ASSET_PATHS = "\"Teamplan/Preview Content\"";
				DEVELOPMENT_TEAM = W3CJ6X343D;
				ENABLE_PREVIEWS = YES;
				GENERATE_INFOPLIST_FILE = YES;
				INFOPLIST_FILE = Teamplan/Info.plist;
				INFOPLIST_KEY_LSApplicationCategoryType = "public.app-category.business";
				INFOPLIST_KEY_UIApplicationSceneManifest_Generation = YES;
				INFOPLIST_KEY_UIApplicationSupportsIndirectInputEvents = YES;
				INFOPLIST_KEY_UILaunchScreen_Generation = YES;
				INFOPLIST_KEY_UISupportedInterfaceOrientations_iPad = "UIInterfaceOrientationPortrait UIInterfaceOrientationPortraitUpsideDown UIInterfaceOrientationLandscapeLeft UIInterfaceOrientationLandscapeRight";
				INFOPLIST_KEY_UISupportedInterfaceOrientations_iPhone = "UIInterfaceOrientationPortrait UIInterfaceOrientationLandscapeLeft UIInterfaceOrientationLandscapeRight";
				IPHONEOS_DEPLOYMENT_TARGET = 17.6;
				LD_RUNPATH_SEARCH_PATHS = (
					"$(inherited)",
					"@executable_path/Frameworks",
				);
				MARKETING_VERSION = 1.0.1;
				PRODUCT_BUNDLE_IDENTIFIER = com.mooncascade.Teamplan;
				PRODUCT_NAME = "$(TARGET_NAME)";
				PROVISIONING_PROFILE_SPECIFIER = "";
				SUPPORTED_PLATFORMS = "iphoneos iphonesimulator";
				SUPPORTS_MACCATALYST = NO;
				SUPPORTS_XR_DESIGNED_FOR_IPHONE_IPAD = NO;
				SWIFT_EMIT_LOC_STRINGS = YES;
				SWIFT_VERSION = 5.0;
				TARGETED_DEVICE_FAMILY = "1,2";
			};
			name = Debug;
		};
		ECAE96232DC4C28300C44575 /* Release */ = {
			isa = XCBuildConfiguration;
			baseConfigurationReferenceAnchor = ECAE95FF2DC4C28200C44575 /* Teamplan */;
			baseConfigurationReferenceRelativePath = Configuration/Release.xcconfig;
			buildSettings = {
				ASSETCATALOG_COMPILER_APPICON_NAME = AppIcon;
				ASSETCATALOG_COMPILER_GLOBAL_ACCENT_COLOR_NAME = AccentColor;
				CODE_SIGN_IDENTITY = "Apple Development";
				CODE_SIGN_STYLE = Automatic;
				CURRENT_PROJECT_VERSION = 1;
				DEVELOPMENT_ASSET_PATHS = "\"Teamplan/Preview Content\"";
				DEVELOPMENT_TEAM = W3CJ6X343D;
				ENABLE_PREVIEWS = YES;
				GENERATE_INFOPLIST_FILE = YES;
				INFOPLIST_FILE = Teamplan/Info.plist;
				INFOPLIST_KEY_LSApplicationCategoryType = "public.app-category.business";
				INFOPLIST_KEY_UIApplicationSceneManifest_Generation = YES;
				INFOPLIST_KEY_UIApplicationSupportsIndirectInputEvents = YES;
				INFOPLIST_KEY_UILaunchScreen_Generation = YES;
				INFOPLIST_KEY_UISupportedInterfaceOrientations_iPad = "UIInterfaceOrientationPortrait UIInterfaceOrientationPortraitUpsideDown UIInterfaceOrientationLandscapeLeft UIInterfaceOrientationLandscapeRight";
				INFOPLIST_KEY_UISupportedInterfaceOrientations_iPhone = "UIInterfaceOrientationPortrait UIInterfaceOrientationLandscapeLeft UIInterfaceOrientationLandscapeRight";
				IPHONEOS_DEPLOYMENT_TARGET = 17.6;
				LD_RUNPATH_SEARCH_PATHS = (
					"$(inherited)",
					"@executable_path/Frameworks",
				);
				MARKETING_VERSION = 1.0.1;
				PRODUCT_BUNDLE_IDENTIFIER = com.mooncascade.Teamplan;
				PRODUCT_NAME = "$(TARGET_NAME)";
				PROVISIONING_PROFILE_SPECIFIER = "";
				SUPPORTED_PLATFORMS = "iphoneos iphonesimulator";
				SUPPORTS_MACCATALYST = NO;
				SUPPORTS_XR_DESIGNED_FOR_IPHONE_IPAD = NO;
				SWIFT_EMIT_LOC_STRINGS = YES;
				SWIFT_VERSION = 5.0;
				TARGETED_DEVICE_FAMILY = "1,2";
			};
			name = Release;
		};
		ECAE96252DC4C28300C44575 /* Debug */ = {
			isa = XCBuildConfiguration;
			buildSettings = {
				BUNDLE_LOADER = "$(TEST_HOST)";
				CODE_SIGN_STYLE = Automatic;
				CURRENT_PROJECT_VERSION = 1;
				DEVELOPMENT_TEAM = W3CJ6X343D;
				GENERATE_INFOPLIST_FILE = YES;
				IPHONEOS_DEPLOYMENT_TARGET = 17.6;
				MARKETING_VERSION = 1.0;
				PRODUCT_BUNDLE_IDENTIFIER = "com.mooncascade.teamplan-tests";
				PRODUCT_NAME = "$(TARGET_NAME)";
				SWIFT_EMIT_LOC_STRINGS = NO;
				SWIFT_VERSION = 5.0;
				TARGETED_DEVICE_FAMILY = "1,2";
				TEST_HOST = "$(BUILT_PRODUCTS_DIR)/Teamplan.app/$(BUNDLE_EXECUTABLE_FOLDER_PATH)/Teamplan";
			};
			name = Debug;
		};
		ECAE96262DC4C28300C44575 /* Release */ = {
			isa = XCBuildConfiguration;
			buildSettings = {
				BUNDLE_LOADER = "$(TEST_HOST)";
				CODE_SIGN_STYLE = Automatic;
				CURRENT_PROJECT_VERSION = 1;
				DEVELOPMENT_TEAM = W3CJ6X343D;
				GENERATE_INFOPLIST_FILE = YES;
				IPHONEOS_DEPLOYMENT_TARGET = 17.6;
				MARKETING_VERSION = 1.0;
				PRODUCT_BUNDLE_IDENTIFIER = "com.mooncascade.teamplan-tests";
				PRODUCT_NAME = "$(TARGET_NAME)";
				SWIFT_EMIT_LOC_STRINGS = NO;
				SWIFT_VERSION = 5.0;
				TARGETED_DEVICE_FAMILY = "1,2";
				TEST_HOST = "$(BUILT_PRODUCTS_DIR)/Teamplan.app/$(BUNDLE_EXECUTABLE_FOLDER_PATH)/Teamplan";
			};
			name = Release;
		};
/* End XCBuildConfiguration section */

/* Begin XCConfigurationList section */
		ECA827412DD340F40074E2DA /* Build configuration list for PBXNativeTarget "WhiteLabelExample" */ = {
			isa = XCConfigurationList;
			buildConfigurations = (
				ECA827422DD340F40074E2DA /* Debug */,
				ECA827432DD340F40074E2DA /* Release */,
			);
			defaultConfigurationIsVisible = 0;
			defaultConfigurationName = Release;
		};
		ECAE95F82DC4C28200C44575 /* Build configuration list for PBXProject "Teamplan" */ = {
			isa = XCConfigurationList;
			buildConfigurations = (
				ECAE961F2DC4C28300C44575 /* Debug */,
				ECAE96202DC4C28300C44575 /* Release */,
			);
			defaultConfigurationIsVisible = 0;
			defaultConfigurationName = Release;
		};
		ECAE96212DC4C28300C44575 /* Build configuration list for PBXNativeTarget "Teamplan" */ = {
			isa = XCConfigurationList;
			buildConfigurations = (
				ECAE96222DC4C28300C44575 /* Debug */,
				ECAE96232DC4C28300C44575 /* Release */,
			);
			defaultConfigurationIsVisible = 0;
			defaultConfigurationName = Release;
		};
		ECAE96242DC4C28300C44575 /* Build configuration list for PBXNativeTarget "TeamplanTests" */ = {
			isa = XCConfigurationList;
			buildConfigurations = (
				ECAE96252DC4C28300C44575 /* Debug */,
				ECAE96262DC4C28300C44575 /* Release */,
			);
			defaultConfigurationIsVisible = 0;
			defaultConfigurationName = Release;
		};
/* End XCConfigurationList section */

/* Begin XCSwiftPackageProductDependency section */
		EC0970102DCBA726008281C0 /* CVStore */ = {
			isa = XCSwiftPackageProductDependency;
			productName = CVStore;
		};
		EC0970122DCBA72F008281C0 /* UserStore */ = {
			isa = XCSwiftPackageProductDependency;
			productName = UserStore;
		};
		EC88947B2DCBA6F200478A60 /* Models */ = {
			isa = XCSwiftPackageProductDependency;
			productName = Models;
		};
		EC9FD3202DC8A0A500296F6C /* CandidatesFeature */ = {
			isa = XCSwiftPackageProductDependency;
			productName = CandidatesFeature;
		};
		ECA5E3AE2DCA5011004EB625 /* Presentation */ = {
			isa = XCSwiftPackageProductDependency;
			productName = Presentation;
		};
		ECA69E892DCDEB1500681C36 /* Networking */ = {
			isa = XCSwiftPackageProductDependency;
			productName = Networking;
		};
		ECA8272A2DD340F40074E2DA /* Core */ = {
			isa = XCSwiftPackageProductDependency;
			productName = Core;
		};
		ECA8272B2DD340F40074E2DA /* CVFeature */ = {
			isa = XCSwiftPackageProductDependency;
			productName = CVFeature;
		};
		ECA8272C2DD340F40074E2DA /* LoginFeature */ = {
			isa = XCSwiftPackageProductDependency;
			productName = LoginFeature;
		};
		ECA8272D2DD340F40074E2DA /* ProfileFeature */ = {
			isa = XCSwiftPackageProductDependency;
			productName = ProfileFeature;
		};
		ECA8272E2DD340F40074E2DA /* CandidatesFeature */ = {
			isa = XCSwiftPackageProductDependency;
			productName = CandidatesFeature;
		};
		ECA8272F2DD340F40074E2DA /* Presentation */ = {
			isa = XCSwiftPackageProductDependency;
			productName = Presentation;
		};
		ECA827302DD340F40074E2DA /* Models */ = {
			isa = XCSwiftPackageProductDependency;
			productName = Models;
		};
		ECA827312DD340F40074E2DA /* CVStore */ = {
			isa = XCSwiftPackageProductDependency;
			productName = CVStore;
		};
		ECA827322DD340F40074E2DA /* UserStore */ = {
			isa = XCSwiftPackageProductDependency;
			productName = UserStore;
		};
		ECA827332DD340F40074E2DA /* Networking */ = {
			isa = XCSwiftPackageProductDependency;
			productName = Networking;
		};
		ECC62FED2DC4E7B5002B49C9 /* Core */ = {
			isa = XCSwiftPackageProductDependency;
			productName = Core;
		};
		ECC62FEF2DC4E7BD002B49C9 /* CVFeature */ = {
			isa = XCSwiftPackageProductDependency;
			productName = CVFeature;
		};
		ECC62FF12DC4E7C1002B49C9 /* LoginFeature */ = {
			isa = XCSwiftPackageProductDependency;
			productName = LoginFeature;
		};
		ECC62FF52DC4E812002B49C9 /* ProfileFeature */ = {
			isa = XCSwiftPackageProductDependency;
			productName = ProfileFeature;
		};
/* End XCSwiftPackageProductDependency section */
	};
	rootObject = ECAE95F52DC4C28200C44575 /* Project object */;
}
